// !$*UTF8*$!
{
	archiveVersion = 1;
	classes = {
	};
	objectVersion = 56;
	objects = {

/* Begin PBXBuildFile section */
		B77C1B672B67B9C9004CA151 /* PrographyAssignmentApp.swift in Sources */ = {isa = PBXBuildFile; fileRef = B77C1B662B67B9C9004CA151 /* PrographyAssignmentApp.swift */; };
		B77C1B6B2B67B9CA004CA151 /* Assets.xcassets in Resources */ = {isa = PBXBuildFile; fileRef = B77C1B6A2B67B9CA004CA151 /* Assets.xcassets */; };
		B77C1B6E2B67B9CA004CA151 /* Preview Assets.xcassets in Resources */ = {isa = PBXBuildFile; fileRef = B77C1B6D2B67B9CA004CA151 /* Preview Assets.xcassets */; };
		B77C1B782B67B9CA004CA151 /* PrographyAssignmentTests.swift in Sources */ = {isa = PBXBuildFile; fileRef = B77C1B772B67B9CA004CA151 /* PrographyAssignmentTests.swift */; };
		B77C1B822B67B9CA004CA151 /* PrographyAssignmentUITests.swift in Sources */ = {isa = PBXBuildFile; fileRef = B77C1B812B67B9CA004CA151 /* PrographyAssignmentUITests.swift */; };
		B77C1B842B67B9CA004CA151 /* PrographyAssignmentUITestsLaunchTests.swift in Sources */ = {isa = PBXBuildFile; fileRef = B77C1B832B67B9CA004CA151 /* PrographyAssignmentUITestsLaunchTests.swift */; };
		B77C1B932B67C3FF004CA151 /* PNavigationBar.swift in Sources */ = {isa = PBXBuildFile; fileRef = B77C1B922B67C3FF004CA151 /* PNavigationBar.swift */; };
		B77C1B972B67D417004CA151 /* RootView.swift in Sources */ = {isa = PBXBuildFile; fileRef = B77C1B962B67D417004CA151 /* RootView.swift */; };
		B77C1B992B67D41E004CA151 /* RootFeature.swift in Sources */ = {isa = PBXBuildFile; fileRef = B77C1B982B67D41E004CA151 /* RootFeature.swift */; };
		B77C1B9C2B67D433004CA151 /* ComposableArchitecture in Frameworks */ = {isa = PBXBuildFile; productRef = B77C1B9B2B67D433004CA151 /* ComposableArchitecture */; };
		B77C1BA12B67D87C004CA151 /* MainView.swift in Sources */ = {isa = PBXBuildFile; fileRef = B77C1BA02B67D87C004CA151 /* MainView.swift */; };
		B77C1BA32B67D881004CA151 /* MainFeature.swift in Sources */ = {isa = PBXBuildFile; fileRef = B77C1BA22B67D881004CA151 /* MainFeature.swift */; };
		B77C1BA52B67D88E004CA151 /* RandomPhotoView.swift in Sources */ = {isa = PBXBuildFile; fileRef = B77C1BA42B67D88E004CA151 /* RandomPhotoView.swift */; };
		B77C1BA72B67D895004CA151 /* RandomPhotoFeature.swift in Sources */ = {isa = PBXBuildFile; fileRef = B77C1BA62B67D895004CA151 /* RandomPhotoFeature.swift */; };
		B77C1BAA2B67FB05004CA151 /* DetailView.swift in Sources */ = {isa = PBXBuildFile; fileRef = B77C1BA92B67FB05004CA151 /* DetailView.swift */; };
		B77C1BAC2B67FB0A004CA151 /* DetailFeature.swift in Sources */ = {isa = PBXBuildFile; fileRef = B77C1BAB2B67FB0A004CA151 /* DetailFeature.swift */; };
		B77C1BBC2B6946FD004CA151 /* ApiService.swift in Sources */ = {isa = PBXBuildFile; fileRef = B77C1BBB2B6946FD004CA151 /* ApiService.swift */; };
		B77C1BC02B694766004CA151 /* PUsecase.swift in Sources */ = {isa = PBXBuildFile; fileRef = B77C1BBF2B694766004CA151 /* PUsecase.swift */; };
		B77C1BC62B694DB2004CA151 /* EndPoint.swift in Sources */ = {isa = PBXBuildFile; fileRef = B77C1BC52B694DB2004CA151 /* EndPoint.swift */; };
		B77C1BCA2B6A6680004CA151 /* NetworkRepositoryProtocol.swift in Sources */ = {isa = PBXBuildFile; fileRef = B77C1BC92B6A6680004CA151 /* NetworkRepositoryProtocol.swift */; };
		B77C1BCE2B6A66CA004CA151 /* NetworkRepository.swift in Sources */ = {isa = PBXBuildFile; fileRef = B77C1BCD2B6A66CA004CA151 /* NetworkRepository.swift */; };
		B77C1BD02B6A7244004CA151 /* PhotosEntity.swift in Sources */ = {isa = PBXBuildFile; fileRef = B77C1BCF2B6A7244004CA151 /* PhotosEntity.swift */; };
		B77C1BD22B6A738C004CA151 /* PhotosModel.swift in Sources */ = {isa = PBXBuildFile; fileRef = B77C1BD12B6A738C004CA151 /* PhotosModel.swift */; };
		B77C1BD52B6A748C004CA151 /* PhotosListModelMapper.swift in Sources */ = {isa = PBXBuildFile; fileRef = B77C1BD42B6A748C004CA151 /* PhotosListModelMapper.swift */; };
		B77C1BD72B6A97C8004CA151 /* ResultMapper.swift in Sources */ = {isa = PBXBuildFile; fileRef = B77C1BD62B6A97C8004CA151 /* ResultMapper.swift */; };
		B77C1BDA2B6B2797004CA151 /* ErrorCase.swift in Sources */ = {isa = PBXBuildFile; fileRef = B77C1BD92B6B2797004CA151 /* ErrorCase.swift */; };
		B77C1BDD2B6B2846004CA151 /* BaseUrl.swift in Sources */ = {isa = PBXBuildFile; fileRef = B77C1BDC2B6B2846004CA151 /* BaseUrl.swift */; };
		B77C1BE02B6BB3F4004CA151 /* CellTitleView.swift in Sources */ = {isa = PBXBuildFile; fileRef = B77C1BDF2B6BB3F4004CA151 /* CellTitleView.swift */; };
		B77C1BEE2B6DE7FD004CA151 /* OpaqueBackgroundModifier.swift in Sources */ = {isa = PBXBuildFile; fileRef = B77C1BED2B6DE7FD004CA151 /* OpaqueBackgroundModifier.swift */; };
		B77C1BF02B6DFF49004CA151 /* PhotoModelMapper.swift in Sources */ = {isa = PBXBuildFile; fileRef = B77C1BEF2B6DFF49004CA151 /* PhotoModelMapper.swift */; };
		B77C1BF62B6E4DEA004CA151 /* PhotoGridItemView.swift in Sources */ = {isa = PBXBuildFile; fileRef = B77C1BF52B6E4DEA004CA151 /* PhotoGridItemView.swift */; };
		B77C1BF92B6E4E47004CA151 /* RandomPhotoCard.swift in Sources */ = {isa = PBXBuildFile; fileRef = B77C1BF82B6E4E47004CA151 /* RandomPhotoCard.swift */; };
/* End PBXBuildFile section */

/* Begin PBXContainerItemProxy section */
		B77C1B742B67B9CA004CA151 /* PBXContainerItemProxy */ = {
			isa = PBXContainerItemProxy;
			containerPortal = B77C1B5B2B67B9C9004CA151 /* Project object */;
			proxyType = 1;
			remoteGlobalIDString = B77C1B622B67B9C9004CA151;
			remoteInfo = PrographyAssignment;
		};
		B77C1B7E2B67B9CA004CA151 /* PBXContainerItemProxy */ = {
			isa = PBXContainerItemProxy;
			containerPortal = B77C1B5B2B67B9C9004CA151 /* Project object */;
			proxyType = 1;
			remoteGlobalIDString = B77C1B622B67B9C9004CA151;
			remoteInfo = PrographyAssignment;
		};
/* End PBXContainerItemProxy section */

/* Begin PBXFileReference section */
		B77C1B632B67B9C9004CA151 /* PrographyAssignment.app */ = {isa = PBXFileReference; explicitFileType = wrapper.application; includeInIndex = 0; path = PrographyAssignment.app; sourceTree = BUILT_PRODUCTS_DIR; };
		B77C1B662B67B9C9004CA151 /* PrographyAssignmentApp.swift */ = {isa = PBXFileReference; lastKnownFileType = sourcecode.swift; path = PrographyAssignmentApp.swift; sourceTree = "<group>"; };
		B77C1B6A2B67B9CA004CA151 /* Assets.xcassets */ = {isa = PBXFileReference; lastKnownFileType = folder.assetcatalog; path = Assets.xcassets; sourceTree = "<group>"; };
		B77C1B6D2B67B9CA004CA151 /* Preview Assets.xcassets */ = {isa = PBXFileReference; lastKnownFileType = folder.assetcatalog; path = "Preview Assets.xcassets"; sourceTree = "<group>"; };
		B77C1B732B67B9CA004CA151 /* PrographyAssignmentTests.xctest */ = {isa = PBXFileReference; explicitFileType = wrapper.cfbundle; includeInIndex = 0; path = PrographyAssignmentTests.xctest; sourceTree = BUILT_PRODUCTS_DIR; };
		B77C1B772B67B9CA004CA151 /* PrographyAssignmentTests.swift */ = {isa = PBXFileReference; lastKnownFileType = sourcecode.swift; path = PrographyAssignmentTests.swift; sourceTree = "<group>"; };
		B77C1B7D2B67B9CA004CA151 /* PrographyAssignmentUITests.xctest */ = {isa = PBXFileReference; explicitFileType = wrapper.cfbundle; includeInIndex = 0; path = PrographyAssignmentUITests.xctest; sourceTree = BUILT_PRODUCTS_DIR; };
		B77C1B812B67B9CA004CA151 /* PrographyAssignmentUITests.swift */ = {isa = PBXFileReference; lastKnownFileType = sourcecode.swift; path = PrographyAssignmentUITests.swift; sourceTree = "<group>"; };
		B77C1B832B67B9CA004CA151 /* PrographyAssignmentUITestsLaunchTests.swift */ = {isa = PBXFileReference; lastKnownFileType = sourcecode.swift; path = PrographyAssignmentUITestsLaunchTests.swift; sourceTree = "<group>"; };
		B77C1B922B67C3FF004CA151 /* PNavigationBar.swift */ = {isa = PBXFileReference; lastKnownFileType = sourcecode.swift; path = PNavigationBar.swift; sourceTree = "<group>"; };
		B77C1B962B67D417004CA151 /* RootView.swift */ = {isa = PBXFileReference; lastKnownFileType = sourcecode.swift; path = RootView.swift; sourceTree = "<group>"; };
		B77C1B982B67D41E004CA151 /* RootFeature.swift */ = {isa = PBXFileReference; lastKnownFileType = sourcecode.swift; path = RootFeature.swift; sourceTree = "<group>"; };
		B77C1BA02B67D87C004CA151 /* MainView.swift */ = {isa = PBXFileReference; lastKnownFileType = sourcecode.swift; path = MainView.swift; sourceTree = "<group>"; };
		B77C1BA22B67D881004CA151 /* MainFeature.swift */ = {isa = PBXFileReference; lastKnownFileType = sourcecode.swift; path = MainFeature.swift; sourceTree = "<group>"; };
		B77C1BA42B67D88E004CA151 /* RandomPhotoView.swift */ = {isa = PBXFileReference; lastKnownFileType = sourcecode.swift; path = RandomPhotoView.swift; sourceTree = "<group>"; };
		B77C1BA62B67D895004CA151 /* RandomPhotoFeature.swift */ = {isa = PBXFileReference; lastKnownFileType = sourcecode.swift; path = RandomPhotoFeature.swift; sourceTree = "<group>"; };
		B77C1BA92B67FB05004CA151 /* DetailView.swift */ = {isa = PBXFileReference; lastKnownFileType = sourcecode.swift; path = DetailView.swift; sourceTree = "<group>"; };
		B77C1BAB2B67FB0A004CA151 /* DetailFeature.swift */ = {isa = PBXFileReference; lastKnownFileType = sourcecode.swift; path = DetailFeature.swift; sourceTree = "<group>"; };
		B77C1BBB2B6946FD004CA151 /* ApiService.swift */ = {isa = PBXFileReference; lastKnownFileType = sourcecode.swift; path = ApiService.swift; sourceTree = "<group>"; };
		B77C1BBF2B694766004CA151 /* PUsecase.swift */ = {isa = PBXFileReference; lastKnownFileType = sourcecode.swift; path = PUsecase.swift; sourceTree = "<group>"; };
		B77C1BC52B694DB2004CA151 /* EndPoint.swift */ = {isa = PBXFileReference; lastKnownFileType = sourcecode.swift; path = EndPoint.swift; sourceTree = "<group>"; };
		B77C1BC92B6A6680004CA151 /* NetworkRepositoryProtocol.swift */ = {isa = PBXFileReference; lastKnownFileType = sourcecode.swift; path = NetworkRepositoryProtocol.swift; sourceTree = "<group>"; };
		B77C1BCD2B6A66CA004CA151 /* NetworkRepository.swift */ = {isa = PBXFileReference; lastKnownFileType = sourcecode.swift; path = NetworkRepository.swift; sourceTree = "<group>"; };
		B77C1BCF2B6A7244004CA151 /* PhotosEntity.swift */ = {isa = PBXFileReference; lastKnownFileType = sourcecode.swift; path = PhotosEntity.swift; sourceTree = "<group>"; };
		B77C1BD12B6A738C004CA151 /* PhotosModel.swift */ = {isa = PBXFileReference; lastKnownFileType = sourcecode.swift; path = PhotosModel.swift; sourceTree = "<group>"; };
		B77C1BD42B6A748C004CA151 /* PhotosListModelMapper.swift */ = {isa = PBXFileReference; lastKnownFileType = sourcecode.swift; path = PhotosListModelMapper.swift; sourceTree = "<group>"; };
		B77C1BD62B6A97C8004CA151 /* ResultMapper.swift */ = {isa = PBXFileReference; lastKnownFileType = sourcecode.swift; path = ResultMapper.swift; sourceTree = "<group>"; };
		B77C1BD92B6B2797004CA151 /* ErrorCase.swift */ = {isa = PBXFileReference; lastKnownFileType = sourcecode.swift; path = ErrorCase.swift; sourceTree = "<group>"; };
		B77C1BDC2B6B2846004CA151 /* BaseUrl.swift */ = {isa = PBXFileReference; lastKnownFileType = sourcecode.swift; path = BaseUrl.swift; sourceTree = "<group>"; };
		B77C1BDF2B6BB3F4004CA151 /* CellTitleView.swift */ = {isa = PBXFileReference; lastKnownFileType = sourcecode.swift; path = CellTitleView.swift; sourceTree = "<group>"; };
		B77C1BED2B6DE7FD004CA151 /* OpaqueBackgroundModifier.swift */ = {isa = PBXFileReference; lastKnownFileType = sourcecode.swift; path = OpaqueBackgroundModifier.swift; sourceTree = "<group>"; };
		B77C1BEF2B6DFF49004CA151 /* PhotoModelMapper.swift */ = {isa = PBXFileReference; lastKnownFileType = sourcecode.swift; path = PhotoModelMapper.swift; sourceTree = "<group>"; };
		B77C1BF52B6E4DEA004CA151 /* PhotoGridItemView.swift */ = {isa = PBXFileReference; fileEncoding = 4; lastKnownFileType = sourcecode.swift; path = PhotoGridItemView.swift; sourceTree = "<group>"; };
		B77C1BF82B6E4E47004CA151 /* RandomPhotoCard.swift */ = {isa = PBXFileReference; lastKnownFileType = sourcecode.swift; path = RandomPhotoCard.swift; sourceTree = "<group>"; };
/* End PBXFileReference section */

/* Begin PBXFrameworksBuildPhase section */
		B77C1B602B67B9C9004CA151 /* Frameworks */ = {
			isa = PBXFrameworksBuildPhase;
			buildActionMask = 2147483647;
			files = (
				B77C1B9C2B67D433004CA151 /* ComposableArchitecture in Frameworks */,
			);
			runOnlyForDeploymentPostprocessing = 0;
		};
		B77C1B702B67B9CA004CA151 /* Frameworks */ = {
			isa = PBXFrameworksBuildPhase;
			buildActionMask = 2147483647;
			files = (
			);
			runOnlyForDeploymentPostprocessing = 0;
		};
		B77C1B7A2B67B9CA004CA151 /* Frameworks */ = {
			isa = PBXFrameworksBuildPhase;
			buildActionMask = 2147483647;
			files = (
			);
			runOnlyForDeploymentPostprocessing = 0;
		};
/* End PBXFrameworksBuildPhase section */

/* Begin PBXGroup section */
		B77C1B5A2B67B9C9004CA151 = {
			isa = PBXGroup;
			children = (
				B77C1B652B67B9C9004CA151 /* PrographyAssignment */,
				B77C1B762B67B9CA004CA151 /* PrographyAssignmentTests */,
				B77C1B802B67B9CA004CA151 /* PrographyAssignmentUITests */,
				B77C1B642B67B9C9004CA151 /* Products */,
			);
			sourceTree = "<group>";
		};
		B77C1B642B67B9C9004CA151 /* Products */ = {
			isa = PBXGroup;
			children = (
				B77C1B632B67B9C9004CA151 /* PrographyAssignment.app */,
				B77C1B732B67B9CA004CA151 /* PrographyAssignmentTests.xctest */,
				B77C1B7D2B67B9CA004CA151 /* PrographyAssignmentUITests.xctest */,
			);
			name = Products;
			sourceTree = "<group>";
		};
		B77C1B652B67B9C9004CA151 /* PrographyAssignment */ = {
			isa = PBXGroup;
			children = (
				B77C1BB92B6946D7004CA151 /* Domain */,
				B77C1BB82B6946CE004CA151 /* Data */,
				B77C1B9E2B67D83C004CA151 /* Feature */,
				B77C1B942B67D3F3004CA151 /* App */,
				B77C1B902B67C368004CA151 /* DesignSystem */,
				B77C1B6A2B67B9CA004CA151 /* Assets.xcassets */,
				B77C1B6C2B67B9CA004CA151 /* Preview Content */,
			);
			path = PrographyAssignment;
			sourceTree = "<group>";
		};
		B77C1B6C2B67B9CA004CA151 /* Preview Content */ = {
			isa = PBXGroup;
			children = (
				B77C1B6D2B67B9CA004CA151 /* Preview Assets.xcassets */,
			);
			path = "Preview Content";
			sourceTree = "<group>";
		};
		B77C1B762B67B9CA004CA151 /* PrographyAssignmentTests */ = {
			isa = PBXGroup;
			children = (
				B77C1B772B67B9CA004CA151 /* PrographyAssignmentTests.swift */,
			);
			path = PrographyAssignmentTests;
			sourceTree = "<group>";
		};
		B77C1B802B67B9CA004CA151 /* PrographyAssignmentUITests */ = {
			isa = PBXGroup;
			children = (
				B77C1B812B67B9CA004CA151 /* PrographyAssignmentUITests.swift */,
				B77C1B832B67B9CA004CA151 /* PrographyAssignmentUITestsLaunchTests.swift */,
			);
			path = PrographyAssignmentUITests;
			sourceTree = "<group>";
		};
		B77C1B902B67C368004CA151 /* DesignSystem */ = {
			isa = PBXGroup;
			children = (
				B77C1BEC2B6DE7D7004CA151 /* Modifier */,
				B77C1BEB2B6DE7CA004CA151 /* Component */,
			);
			path = DesignSystem;
			sourceTree = "<group>";
		};
		B77C1B912B67C3F2004CA151 /* NavigationBar */ = {
			isa = PBXGroup;
			children = (
				B77C1B922B67C3FF004CA151 /* PNavigationBar.swift */,
			);
			path = NavigationBar;
			sourceTree = "<group>";
		};
		B77C1B942B67D3F3004CA151 /* App */ = {
			isa = PBXGroup;
			children = (
				B77C1B662B67B9C9004CA151 /* PrographyAssignmentApp.swift */,
			);
			path = App;
			sourceTree = "<group>";
		};
		B77C1B952B67D3F7004CA151 /* Root */ = {
			isa = PBXGroup;
			children = (
				B77C1B962B67D417004CA151 /* RootView.swift */,
				B77C1B982B67D41E004CA151 /* RootFeature.swift */,
			);
			path = Root;
			sourceTree = "<group>";
		};
		B77C1B9D2B67D826004CA151 /* Main */ = {
			isa = PBXGroup;
			children = (
				B77C1BDE2B6BB3E8004CA151 /* Component */,
				B77C1BA02B67D87C004CA151 /* MainView.swift */,
				B77C1BA22B67D881004CA151 /* MainFeature.swift */,
			);
			path = Main;
			sourceTree = "<group>";
		};
		B77C1B9E2B67D83C004CA151 /* Feature */ = {
			isa = PBXGroup;
			children = (
				B77C1BA82B67FAFA004CA151 /* Detail */,
				B77C1B9F2B67D871004CA151 /* RandomPhoto */,
				B77C1B952B67D3F7004CA151 /* Root */,
				B77C1B9D2B67D826004CA151 /* Main */,
			);
			path = Feature;
			sourceTree = "<group>";
		};
		B77C1B9F2B67D871004CA151 /* RandomPhoto */ = {
			isa = PBXGroup;
			children = (
				B77C1BF72B6E4E3C004CA151 /* Component */,
				B77C1BA42B67D88E004CA151 /* RandomPhotoView.swift */,
				B77C1BA62B67D895004CA151 /* RandomPhotoFeature.swift */,
			);
			path = RandomPhoto;
			sourceTree = "<group>";
		};
		B77C1BA82B67FAFA004CA151 /* Detail */ = {
			isa = PBXGroup;
			children = (
				B77C1BA92B67FB05004CA151 /* DetailView.swift */,
				B77C1BAB2B67FB0A004CA151 /* DetailFeature.swift */,
			);
			path = Detail;
			sourceTree = "<group>";
		};
		B77C1BB82B6946CE004CA151 /* Data */ = {
			isa = PBXGroup;
			children = (
				B77C1BBA2B6946EB004CA151 /* Remote */,
			);
			path = Data;
			sourceTree = "<group>";
		};
		B77C1BB92B6946D7004CA151 /* Domain */ = {
			isa = PBXGroup;
			children = (
				B77C1BD82B6B278A004CA151 /* Error */,
				B77C1BBE2B69473C004CA151 /* Remote */,
			);
			path = Domain;
			sourceTree = "<group>";
		};
		B77C1BBA2B6946EB004CA151 /* Remote */ = {
			isa = PBXGroup;
			children = (
				B77C1BC42B694D88004CA151 /* Constants */,
				B77C1BD32B6A7473004CA151 /* Mapper */,
				B77C1BCB2B6A66B1004CA151 /* Repository */,
				B77C1BC12B694B7C004CA151 /* Entity */,
				B77C1BC22B694B85004CA151 /* Service */,
			);
			path = Remote;
			sourceTree = "<group>";
		};
		B77C1BBD2B69472A004CA151 /* Usecase */ = {
			isa = PBXGroup;
			children = (
				B77C1BBF2B694766004CA151 /* PUsecase.swift */,
			);
			path = Usecase;
			sourceTree = "<group>";
		};
		B77C1BBE2B69473C004CA151 /* Remote */ = {
			isa = PBXGroup;
			children = (
				B77C1BC82B6A6676004CA151 /* Repository */,
				B77C1BC32B694B9A004CA151 /* Model */,
				B77C1BBD2B69472A004CA151 /* Usecase */,
			);
			path = Remote;
			sourceTree = "<group>";
		};
		B77C1BC12B694B7C004CA151 /* Entity */ = {
			isa = PBXGroup;
			children = (
				B77C1BCF2B6A7244004CA151 /* PhotosEntity.swift */,
			);
			path = Entity;
			sourceTree = "<group>";
		};
		B77C1BC22B694B85004CA151 /* Service */ = {
			isa = PBXGroup;
			children = (
				B77C1BBB2B6946FD004CA151 /* ApiService.swift */,
			);
			path = Service;
			sourceTree = "<group>";
		};
		B77C1BC32B694B9A004CA151 /* Model */ = {
			isa = PBXGroup;
			children = (
				B77C1BD12B6A738C004CA151 /* PhotosModel.swift */,
			);
			path = Model;
			sourceTree = "<group>";
		};
		B77C1BC42B694D88004CA151 /* Constants */ = {
			isa = PBXGroup;
			children = (
				B77C1BC52B694DB2004CA151 /* EndPoint.swift */,
				B77C1BDC2B6B2846004CA151 /* BaseUrl.swift */,
			);
			path = Constants;
			sourceTree = "<group>";
		};
		B77C1BC82B6A6676004CA151 /* Repository */ = {
			isa = PBXGroup;
			children = (
				B77C1BC92B6A6680004CA151 /* NetworkRepositoryProtocol.swift */,
			);
			path = Repository;
			sourceTree = "<group>";
		};
		B77C1BCB2B6A66B1004CA151 /* Repository */ = {
			isa = PBXGroup;
			children = (
				B77C1BCD2B6A66CA004CA151 /* NetworkRepository.swift */,
			);
			path = Repository;
			sourceTree = "<group>";
		};
		B77C1BD32B6A7473004CA151 /* Mapper */ = {
			isa = PBXGroup;
			children = (
				B77C1BD42B6A748C004CA151 /* PhotosListModelMapper.swift */,
				B77C1BD62B6A97C8004CA151 /* ResultMapper.swift */,
				B77C1BEF2B6DFF49004CA151 /* PhotoModelMapper.swift */,
			);
			path = Mapper;
			sourceTree = "<group>";
		};
		B77C1BD82B6B278A004CA151 /* Error */ = {
			isa = PBXGroup;
			children = (
				B77C1BD92B6B2797004CA151 /* ErrorCase.swift */,
			);
			path = Error;
			sourceTree = "<group>";
		};
		B77C1BDE2B6BB3E8004CA151 /* Component */ = {
			isa = PBXGroup;
			children = (
				B77C1BDF2B6BB3F4004CA151 /* CellTitleView.swift */,
			);
			path = Component;
			sourceTree = "<group>";
		};
		B77C1BEB2B6DE7CA004CA151 /* Component */ = {
			isa = PBXGroup;
			children = (
				B77C1BF42B6E4DEA004CA151 /* Image */,
				B77C1B912B67C3F2004CA151 /* NavigationBar */,
			);
			path = Component;
			sourceTree = "<group>";
		};
		B77C1BEC2B6DE7D7004CA151 /* Modifier */ = {
			isa = PBXGroup;
			children = (
				B77C1BED2B6DE7FD004CA151 /* OpaqueBackgroundModifier.swift */,
			);
			path = Modifier;
			sourceTree = "<group>";
		};
		B77C1BF42B6E4DEA004CA151 /* Image */ = {
			isa = PBXGroup;
			children = (
				B77C1BF52B6E4DEA004CA151 /* PhotoGridItemView.swift */,
			);
			path = Image;
			sourceTree = "<group>";
		};
		B77C1BF72B6E4E3C004CA151 /* Component */ = {
			isa = PBXGroup;
			children = (
				B77C1BF82B6E4E47004CA151 /* RandomPhotoCard.swift */,
			);
			path = Component;
			sourceTree = "<group>";
		};
/* End PBXGroup section */

/* Begin PBXNativeTarget section */
		B77C1B622B67B9C9004CA151 /* PrographyAssignment */ = {
			isa = PBXNativeTarget;
			buildConfigurationList = B77C1B872B67B9CA004CA151 /* Build configuration list for PBXNativeTarget "PrographyAssignment" */;
			buildPhases = (
				B77C1B5F2B67B9C9004CA151 /* Sources */,
				B77C1B602B67B9C9004CA151 /* Frameworks */,
				B77C1B612B67B9C9004CA151 /* Resources */,
			);
			buildRules = (
			);
			dependencies = (
			);
			name = PrographyAssignment;
			packageProductDependencies = (
				B77C1B9B2B67D433004CA151 /* ComposableArchitecture */,
			);
			productName = PrographyAssignment;
			productReference = B77C1B632B67B9C9004CA151 /* PrographyAssignment.app */;
			productType = "com.apple.product-type.application";
		};
		B77C1B722B67B9CA004CA151 /* PrographyAssignmentTests */ = {
			isa = PBXNativeTarget;
			buildConfigurationList = B77C1B8A2B67B9CA004CA151 /* Build configuration list for PBXNativeTarget "PrographyAssignmentTests" */;
			buildPhases = (
				B77C1B6F2B67B9CA004CA151 /* Sources */,
				B77C1B702B67B9CA004CA151 /* Frameworks */,
				B77C1B712B67B9CA004CA151 /* Resources */,
			);
			buildRules = (
			);
			dependencies = (
				B77C1B752B67B9CA004CA151 /* PBXTargetDependency */,
			);
			name = PrographyAssignmentTests;
			productName = PrographyAssignmentTests;
			productReference = B77C1B732B67B9CA004CA151 /* PrographyAssignmentTests.xctest */;
			productType = "com.apple.product-type.bundle.unit-test";
		};
		B77C1B7C2B67B9CA004CA151 /* PrographyAssignmentUITests */ = {
			isa = PBXNativeTarget;
			buildConfigurationList = B77C1B8D2B67B9CA004CA151 /* Build configuration list for PBXNativeTarget "PrographyAssignmentUITests" */;
			buildPhases = (
				B77C1B792B67B9CA004CA151 /* Sources */,
				B77C1B7A2B67B9CA004CA151 /* Frameworks */,
				B77C1B7B2B67B9CA004CA151 /* Resources */,
			);
			buildRules = (
			);
			dependencies = (
				B77C1B7F2B67B9CA004CA151 /* PBXTargetDependency */,
			);
			name = PrographyAssignmentUITests;
			productName = PrographyAssignmentUITests;
			productReference = B77C1B7D2B67B9CA004CA151 /* PrographyAssignmentUITests.xctest */;
			productType = "com.apple.product-type.bundle.ui-testing";
		};
/* End PBXNativeTarget section */

/* Begin PBXProject section */
		B77C1B5B2B67B9C9004CA151 /* Project object */ = {
			isa = PBXProject;
			attributes = {
				BuildIndependentTargetsInParallel = 1;
				LastSwiftUpdateCheck = 1500;
				LastUpgradeCheck = 1500;
				TargetAttributes = {
					B77C1B622B67B9C9004CA151 = {
						CreatedOnToolsVersion = 15.0.1;
					};
					B77C1B722B67B9CA004CA151 = {
						CreatedOnToolsVersion = 15.0.1;
						TestTargetID = B77C1B622B67B9C9004CA151;
					};
					B77C1B7C2B67B9CA004CA151 = {
						CreatedOnToolsVersion = 15.0.1;
						TestTargetID = B77C1B622B67B9C9004CA151;
					};
				};
			};
			buildConfigurationList = B77C1B5E2B67B9C9004CA151 /* Build configuration list for PBXProject "PrographyAssignment" */;
			compatibilityVersion = "Xcode 14.0";
			developmentRegion = en;
			hasScannedForEncodings = 0;
			knownRegions = (
				en,
				Base,
			);
			mainGroup = B77C1B5A2B67B9C9004CA151;
			packageReferences = (
				B77C1B9A2B67D433004CA151 /* XCRemoteSwiftPackageReference "swift-composable-architecture" */,
			);
			productRefGroup = B77C1B642B67B9C9004CA151 /* Products */;
			projectDirPath = "";
			projectRoot = "";
			targets = (
				B77C1B622B67B9C9004CA151 /* PrographyAssignment */,
				B77C1B722B67B9CA004CA151 /* PrographyAssignmentTests */,
				B77C1B7C2B67B9CA004CA151 /* PrographyAssignmentUITests */,
			);
		};
/* End PBXProject section */

/* Begin PBXResourcesBuildPhase section */
		B77C1B612B67B9C9004CA151 /* Resources */ = {
			isa = PBXResourcesBuildPhase;
			buildActionMask = 2147483647;
			files = (
				B77C1B6E2B67B9CA004CA151 /* Preview Assets.xcassets in Resources */,
				B77C1B6B2B67B9CA004CA151 /* Assets.xcassets in Resources */,
			);
			runOnlyForDeploymentPostprocessing = 0;
		};
		B77C1B712B67B9CA004CA151 /* Resources */ = {
			isa = PBXResourcesBuildPhase;
			buildActionMask = 2147483647;
			files = (
			);
			runOnlyForDeploymentPostprocessing = 0;
		};
		B77C1B7B2B67B9CA004CA151 /* Resources */ = {
			isa = PBXResourcesBuildPhase;
			buildActionMask = 2147483647;
			files = (
			);
			runOnlyForDeploymentPostprocessing = 0;
		};
/* End PBXResourcesBuildPhase section */

/* Begin PBXSourcesBuildPhase section */
		B77C1B5F2B67B9C9004CA151 /* Sources */ = {
			isa = PBXSourcesBuildPhase;
			buildActionMask = 2147483647;
			files = (
				B77C1BD22B6A738C004CA151 /* PhotosModel.swift in Sources */,
				B77C1BEE2B6DE7FD004CA151 /* OpaqueBackgroundModifier.swift in Sources */,
				B77C1BF62B6E4DEA004CA151 /* PhotoGridItemView.swift in Sources */,
				B77C1BF02B6DFF49004CA151 /* PhotoModelMapper.swift in Sources */,
				B77C1BC62B694DB2004CA151 /* EndPoint.swift in Sources */,
				B77C1BA72B67D895004CA151 /* RandomPhotoFeature.swift in Sources */,
				B77C1BD52B6A748C004CA151 /* PhotosListModelMapper.swift in Sources */,
				B77C1BD02B6A7244004CA151 /* PhotosEntity.swift in Sources */,
				B77C1BDA2B6B2797004CA151 /* ErrorCase.swift in Sources */,
				B77C1BCE2B6A66CA004CA151 /* NetworkRepository.swift in Sources */,
				B77C1BAC2B67FB0A004CA151 /* DetailFeature.swift in Sources */,
				B77C1BCA2B6A6680004CA151 /* NetworkRepositoryProtocol.swift in Sources */,
				B77C1BAA2B67FB05004CA151 /* DetailView.swift in Sources */,
				B77C1BC02B694766004CA151 /* PUsecase.swift in Sources */,
				B77C1BBC2B6946FD004CA151 /* ApiService.swift in Sources */,
				B77C1BE02B6BB3F4004CA151 /* CellTitleView.swift in Sources */,
				B77C1BDD2B6B2846004CA151 /* BaseUrl.swift in Sources */,
				B77C1B992B67D41E004CA151 /* RootFeature.swift in Sources */,
				B77C1BA12B67D87C004CA151 /* MainView.swift in Sources */,
				B77C1BF92B6E4E47004CA151 /* RandomPhotoCard.swift in Sources */,
				B77C1BA32B67D881004CA151 /* MainFeature.swift in Sources */,
				B77C1B972B67D417004CA151 /* RootView.swift in Sources */,
				B77C1BD72B6A97C8004CA151 /* ResultMapper.swift in Sources */,
				B77C1B932B67C3FF004CA151 /* PNavigationBar.swift in Sources */,
				B77C1BA52B67D88E004CA151 /* RandomPhotoView.swift in Sources */,
				B77C1B672B67B9C9004CA151 /* PrographyAssignmentApp.swift in Sources */,
			);
			runOnlyForDeploymentPostprocessing = 0;
		};
		B77C1B6F2B67B9CA004CA151 /* Sources */ = {
			isa = PBXSourcesBuildPhase;
			buildActionMask = 2147483647;
			files = (
				B77C1B782B67B9CA004CA151 /* PrographyAssignmentTests.swift in Sources */,
			);
			runOnlyForDeploymentPostprocessing = 0;
		};
		B77C1B792B67B9CA004CA151 /* Sources */ = {
			isa = PBXSourcesBuildPhase;
			buildActionMask = 2147483647;
			files = (
				B77C1B842B67B9CA004CA151 /* PrographyAssignmentUITestsLaunchTests.swift in Sources */,
				B77C1B822B67B9CA004CA151 /* PrographyAssignmentUITests.swift in Sources */,
			);
			runOnlyForDeploymentPostprocessing = 0;
		};
/* End PBXSourcesBuildPhase section */

/* Begin PBXTargetDependency section */
		B77C1B752B67B9CA004CA151 /* PBXTargetDependency */ = {
			isa = PBXTargetDependency;
			target = B77C1B622B67B9C9004CA151 /* PrographyAssignment */;
			targetProxy = B77C1B742B67B9CA004CA151 /* PBXContainerItemProxy */;
		};
		B77C1B7F2B67B9CA004CA151 /* PBXTargetDependency */ = {
			isa = PBXTargetDependency;
			target = B77C1B622B67B9C9004CA151 /* PrographyAssignment */;
			targetProxy = B77C1B7E2B67B9CA004CA151 /* PBXContainerItemProxy */;
		};
/* End PBXTargetDependency section */

/* Begin XCBuildConfiguration section */
		B77C1B852B67B9CA004CA151 /* Debug */ = {
			isa = XCBuildConfiguration;
			buildSettings = {
				ALWAYS_SEARCH_USER_PATHS = NO;
				ASSETCATALOG_COMPILER_GENERATE_SWIFT_ASSET_SYMBOL_EXTENSIONS = YES;
				CLANG_ANALYZER_NONNULL = YES;
				CLANG_ANALYZER_NUMBER_OBJECT_CONVERSION = YES_AGGRESSIVE;
				CLANG_CXX_LANGUAGE_STANDARD = "gnu++20";
				CLANG_ENABLE_MODULES = YES;
				CLANG_ENABLE_OBJC_ARC = YES;
				CLANG_ENABLE_OBJC_WEAK = YES;
				CLANG_WARN_BLOCK_CAPTURE_AUTORELEASING = YES;
				CLANG_WARN_BOOL_CONVERSION = YES;
				CLANG_WARN_COMMA = YES;
				CLANG_WARN_CONSTANT_CONVERSION = YES;
				CLANG_WARN_DEPRECATED_OBJC_IMPLEMENTATIONS = YES;
				CLANG_WARN_DIRECT_OBJC_ISA_USAGE = YES_ERROR;
				CLANG_WARN_DOCUMENTATION_COMMENTS = YES;
				CLANG_WARN_EMPTY_BODY = YES;
				CLANG_WARN_ENUM_CONVERSION = YES;
				CLANG_WARN_INFINITE_RECURSION = YES;
				CLANG_WARN_INT_CONVERSION = YES;
				CLANG_WARN_NON_LITERAL_NULL_CONVERSION = YES;
				CLANG_WARN_OBJC_IMPLICIT_RETAIN_SELF = YES;
				CLANG_WARN_OBJC_LITERAL_CONVERSION = YES;
				CLANG_WARN_OBJC_ROOT_CLASS = YES_ERROR;
				CLANG_WARN_QUOTED_INCLUDE_IN_FRAMEWORK_HEADER = YES;
				CLANG_WARN_RANGE_LOOP_ANALYSIS = YES;
				CLANG_WARN_STRICT_PROTOTYPES = YES;
				CLANG_WARN_SUSPICIOUS_MOVE = YES;
				CLANG_WARN_UNGUARDED_AVAILABILITY = YES_AGGRESSIVE;
				CLANG_WARN_UNREACHABLE_CODE = YES;
				CLANG_WARN__DUPLICATE_METHOD_MATCH = YES;
				COPY_PHASE_STRIP = NO;
				DEBUG_INFORMATION_FORMAT = dwarf;
				ENABLE_STRICT_OBJC_MSGSEND = YES;
				ENABLE_TESTABILITY = YES;
				ENABLE_USER_SCRIPT_SANDBOXING = YES;
				GCC_C_LANGUAGE_STANDARD = gnu17;
				GCC_DYNAMIC_NO_PIC = NO;
				GCC_NO_COMMON_BLOCKS = YES;
				GCC_OPTIMIZATION_LEVEL = 0;
				GCC_PREPROCESSOR_DEFINITIONS = (
					"DEBUG=1",
					"$(inherited)",
				);
				GCC_WARN_64_TO_32_BIT_CONVERSION = YES;
				GCC_WARN_ABOUT_RETURN_TYPE = YES_ERROR;
				GCC_WARN_UNDECLARED_SELECTOR = YES;
				GCC_WARN_UNINITIALIZED_AUTOS = YES_AGGRESSIVE;
				GCC_WARN_UNUSED_FUNCTION = YES;
				GCC_WARN_UNUSED_VARIABLE = YES;
				IPHONEOS_DEPLOYMENT_TARGET = 17.0;
				LOCALIZATION_PREFERS_STRING_CATALOGS = YES;
				MTL_ENABLE_DEBUG_INFO = INCLUDE_SOURCE;
				MTL_FAST_MATH = YES;
				ONLY_ACTIVE_ARCH = YES;
				SDKROOT = iphoneos;
				SWIFT_ACTIVE_COMPILATION_CONDITIONS = "DEBUG $(inherited)";
				SWIFT_OPTIMIZATION_LEVEL = "-Onone";
			};
			name = Debug;
		};
		B77C1B862B67B9CA004CA151 /* Release */ = {
			isa = XCBuildConfiguration;
			buildSettings = {
				ALWAYS_SEARCH_USER_PATHS = NO;
				ASSETCATALOG_COMPILER_GENERATE_SWIFT_ASSET_SYMBOL_EXTENSIONS = YES;
				CLANG_ANALYZER_NONNULL = YES;
				CLANG_ANALYZER_NUMBER_OBJECT_CONVERSION = YES_AGGRESSIVE;
				CLANG_CXX_LANGUAGE_STANDARD = "gnu++20";
				CLANG_ENABLE_MODULES = YES;
				CLANG_ENABLE_OBJC_ARC = YES;
				CLANG_ENABLE_OBJC_WEAK = YES;
				CLANG_WARN_BLOCK_CAPTURE_AUTORELEASING = YES;
				CLANG_WARN_BOOL_CONVERSION = YES;
				CLANG_WARN_COMMA = YES;
				CLANG_WARN_CONSTANT_CONVERSION = YES;
				CLANG_WARN_DEPRECATED_OBJC_IMPLEMENTATIONS = YES;
				CLANG_WARN_DIRECT_OBJC_ISA_USAGE = YES_ERROR;
				CLANG_WARN_DOCUMENTATION_COMMENTS = YES;
				CLANG_WARN_EMPTY_BODY = YES;
				CLANG_WARN_ENUM_CONVERSION = YES;
				CLANG_WARN_INFINITE_RECURSION = YES;
				CLANG_WARN_INT_CONVERSION = YES;
				CLANG_WARN_NON_LITERAL_NULL_CONVERSION = YES;
				CLANG_WARN_OBJC_IMPLICIT_RETAIN_SELF = YES;
				CLANG_WARN_OBJC_LITERAL_CONVERSION = YES;
				CLANG_WARN_OBJC_ROOT_CLASS = YES_ERROR;
				CLANG_WARN_QUOTED_INCLUDE_IN_FRAMEWORK_HEADER = YES;
				CLANG_WARN_RANGE_LOOP_ANALYSIS = YES;
				CLANG_WARN_STRICT_PROTOTYPES = YES;
				CLANG_WARN_SUSPICIOUS_MOVE = YES;
				CLANG_WARN_UNGUARDED_AVAILABILITY = YES_AGGRESSIVE;
				CLANG_WARN_UNREACHABLE_CODE = YES;
				CLANG_WARN__DUPLICATE_METHOD_MATCH = YES;
				COPY_PHASE_STRIP = NO;
				DEBUG_INFORMATION_FORMAT = "dwarf-with-dsym";
				ENABLE_NS_ASSERTIONS = NO;
				ENABLE_STRICT_OBJC_MSGSEND = YES;
				ENABLE_USER_SCRIPT_SANDBOXING = YES;
				GCC_C_LANGUAGE_STANDARD = gnu17;
				GCC_NO_COMMON_BLOCKS = YES;
				GCC_WARN_64_TO_32_BIT_CONVERSION = YES;
				GCC_WARN_ABOUT_RETURN_TYPE = YES_ERROR;
				GCC_WARN_UNDECLARED_SELECTOR = YES;
				GCC_WARN_UNINITIALIZED_AUTOS = YES_AGGRESSIVE;
				GCC_WARN_UNUSED_FUNCTION = YES;
				GCC_WARN_UNUSED_VARIABLE = YES;
				IPHONEOS_DEPLOYMENT_TARGET = 17.0;
				LOCALIZATION_PREFERS_STRING_CATALOGS = YES;
				MTL_ENABLE_DEBUG_INFO = NO;
				MTL_FAST_MATH = YES;
				SDKROOT = iphoneos;
				SWIFT_COMPILATION_MODE = wholemodule;
				VALIDATE_PRODUCT = YES;
			};
			name = Release;
		};
		B77C1B882B67B9CA004CA151 /* Debug */ = {
			isa = XCBuildConfiguration;
			buildSettings = {
				ASSETCATALOG_COMPILER_APPICON_NAME = AppIcon;
				ASSETCATALOG_COMPILER_GLOBAL_ACCENT_COLOR_NAME = AccentColor;
				CODE_SIGN_STYLE = Automatic;
				CURRENT_PROJECT_VERSION = 1;
				DEVELOPMENT_ASSET_PATHS = "\"PrographyAssignment/Preview Content\"";
				DEVELOPMENT_TEAM = 7Z8W92S6YL;
				ENABLE_PREVIEWS = YES;
				GENERATE_INFOPLIST_FILE = YES;
				INFOPLIST_KEY_UIApplicationSceneManifest_Generation = YES;
				INFOPLIST_KEY_UIApplicationSupportsIndirectInputEvents = YES;
				INFOPLIST_KEY_UILaunchScreen_Generation = YES;
				INFOPLIST_KEY_UISupportedInterfaceOrientations_iPad = "UIInterfaceOrientationPortrait UIInterfaceOrientationPortraitUpsideDown UIInterfaceOrientationLandscapeLeft UIInterfaceOrientationLandscapeRight";
				INFOPLIST_KEY_UISupportedInterfaceOrientations_iPhone = "UIInterfaceOrientationPortrait UIInterfaceOrientationLandscapeLeft UIInterfaceOrientationLandscapeRight";
				LD_RUNPATH_SEARCH_PATHS = (
					"$(inherited)",
					"@executable_path/Frameworks",
				);
				MARKETING_VERSION = 1.0;
				PRODUCT_BUNDLE_IDENTIFIER = dongjun.PrographyAssignment;
				PRODUCT_NAME = "$(TARGET_NAME)";
				SWIFT_EMIT_LOC_STRINGS = YES;
				SWIFT_VERSION = 5.0;
				TARGETED_DEVICE_FAMILY = "1,2";
			};
			name = Debug;
		};
		B77C1B892B67B9CA004CA151 /* Release */ = {
			isa = XCBuildConfiguration;
			buildSettings = {
				ASSETCATALOG_COMPILER_APPICON_NAME = AppIcon;
				ASSETCATALOG_COMPILER_GLOBAL_ACCENT_COLOR_NAME = AccentColor;
				CODE_SIGN_STYLE = Automatic;
				CURRENT_PROJECT_VERSION = 1;
				DEVELOPMENT_ASSET_PATHS = "\"PrographyAssignment/Preview Content\"";
				DEVELOPMENT_TEAM = 7Z8W92S6YL;
				ENABLE_PREVIEWS = YES;
				GENERATE_INFOPLIST_FILE = YES;
				INFOPLIST_KEY_UIApplicationSceneManifest_Generation = YES;
				INFOPLIST_KEY_UIApplicationSupportsIndirectInputEvents = YES;
				INFOPLIST_KEY_UILaunchScreen_Generation = YES;
				INFOPLIST_KEY_UISupportedInterfaceOrientations_iPad = "UIInterfaceOrientationPortrait UIInterfaceOrientationPortraitUpsideDown UIInterfaceOrientationLandscapeLeft UIInterfaceOrientationLandscapeRight";
				INFOPLIST_KEY_UISupportedInterfaceOrientations_iPhone = "UIInterfaceOrientationPortrait UIInterfaceOrientationLandscapeLeft UIInterfaceOrientationLandscapeRight";
				LD_RUNPATH_SEARCH_PATHS = (
					"$(inherited)",
					"@executable_path/Frameworks",
				);
				MARKETING_VERSION = 1.0;
				PRODUCT_BUNDLE_IDENTIFIER = dongjun.PrographyAssignment;
				PRODUCT_NAME = "$(TARGET_NAME)";
				SWIFT_EMIT_LOC_STRINGS = YES;
				SWIFT_VERSION = 5.0;
				TARGETED_DEVICE_FAMILY = "1,2";
			};
			name = Release;
		};
		B77C1B8B2B67B9CA004CA151 /* Debug */ = {
			isa = XCBuildConfiguration;
			buildSettings = {
				ALWAYS_EMBED_SWIFT_STANDARD_LIBRARIES = YES;
				BUNDLE_LOADER = "$(TEST_HOST)";
				CODE_SIGN_STYLE = Automatic;
				CURRENT_PROJECT_VERSION = 1;
				DEVELOPMENT_TEAM = 7Z8W92S6YL;
				GENERATE_INFOPLIST_FILE = YES;
				IPHONEOS_DEPLOYMENT_TARGET = 17.0;
				MARKETING_VERSION = 1.0;
				PRODUCT_BUNDLE_IDENTIFIER = dongjun.PrographyAssignmentTests;
				PRODUCT_NAME = "$(TARGET_NAME)";
				SWIFT_EMIT_LOC_STRINGS = NO;
				SWIFT_VERSION = 5.0;
				TARGETED_DEVICE_FAMILY = "1,2";
				TEST_HOST = "$(BUILT_PRODUCTS_DIR)/PrographyAssignment.app/$(BUNDLE_EXECUTABLE_FOLDER_PATH)/PrographyAssignment";
			};
			name = Debug;
		};
		B77C1B8C2B67B9CA004CA151 /* Release */ = {
			isa = XCBuildConfiguration;
			buildSettings = {
				ALWAYS_EMBED_SWIFT_STANDARD_LIBRARIES = YES;
				BUNDLE_LOADER = "$(TEST_HOST)";
				CODE_SIGN_STYLE = Automatic;
				CURRENT_PROJECT_VERSION = 1;
				DEVELOPMENT_TEAM = 7Z8W92S6YL;
				GENERATE_INFOPLIST_FILE = YES;
				IPHONEOS_DEPLOYMENT_TARGET = 17.0;
				MARKETING_VERSION = 1.0;
				PRODUCT_BUNDLE_IDENTIFIER = dongjun.PrographyAssignmentTests;
				PRODUCT_NAME = "$(TARGET_NAME)";
				SWIFT_EMIT_LOC_STRINGS = NO;
				SWIFT_VERSION = 5.0;
				TARGETED_DEVICE_FAMILY = "1,2";
				TEST_HOST = "$(BUILT_PRODUCTS_DIR)/PrographyAssignment.app/$(BUNDLE_EXECUTABLE_FOLDER_PATH)/PrographyAssignment";
			};
			name = Release;
		};
		B77C1B8E2B67B9CA004CA151 /* Debug */ = {
			isa = XCBuildConfiguration;
			buildSettings = {
				ALWAYS_EMBED_SWIFT_STANDARD_LIBRARIES = YES;
				CODE_SIGN_STYLE = Automatic;
				CURRENT_PROJECT_VERSION = 1;
				DEVELOPMENT_TEAM = 7Z8W92S6YL;
				GENERATE_INFOPLIST_FILE = YES;
				MARKETING_VERSION = 1.0;
				PRODUCT_BUNDLE_IDENTIFIER = dongjun.PrographyAssignmentUITests;
				PRODUCT_NAME = "$(TARGET_NAME)";
				SWIFT_EMIT_LOC_STRINGS = NO;
				SWIFT_VERSION = 5.0;
				TARGETED_DEVICE_FAMILY = "1,2";
				TEST_TARGET_NAME = PrographyAssignment;
			};
			name = Debug;
		};
		B77C1B8F2B67B9CA004CA151 /* Release */ = {
			isa = XCBuildConfiguration;
			buildSettings = {
				ALWAYS_EMBED_SWIFT_STANDARD_LIBRARIES = YES;
				CODE_SIGN_STYLE = Automatic;
				CURRENT_PROJECT_VERSION = 1;
				DEVELOPMENT_TEAM = 7Z8W92S6YL;
				GENERATE_INFOPLIST_FILE = YES;
				MARKETING_VERSION = 1.0;
				PRODUCT_BUNDLE_IDENTIFIER = dongjun.PrographyAssignmentUITests;
				PRODUCT_NAME = "$(TARGET_NAME)";
				SWIFT_EMIT_LOC_STRINGS = NO;
				SWIFT_VERSION = 5.0;
				TARGETED_DEVICE_FAMILY = "1,2";
				TEST_TARGET_NAME = PrographyAssignment;
			};
			name = Release;
		};
/* End XCBuildConfiguration section */

/* Begin XCConfigurationList section */
		B77C1B5E2B67B9C9004CA151 /* Build configuration list for PBXProject "PrographyAssignment" */ = {
			isa = XCConfigurationList;
			buildConfigurations = (
				B77C1B852B67B9CA004CA151 /* Debug */,
				B77C1B862B67B9CA004CA151 /* Release */,
			);
			defaultConfigurationIsVisible = 0;
			defaultConfigurationName = Release;
		};
		B77C1B872B67B9CA004CA151 /* Build configuration list for PBXNativeTarget "PrographyAssignment" */ = {
			isa = XCConfigurationList;
			buildConfigurations = (
				B77C1B882B67B9CA004CA151 /* Debug */,
				B77C1B892B67B9CA004CA151 /* Release */,
			);
			defaultConfigurationIsVisible = 0;
			defaultConfigurationName = Release;
		};
		B77C1B8A2B67B9CA004CA151 /* Build configuration list for PBXNativeTarget "PrographyAssignmentTests" */ = {
			isa = XCConfigurationList;
			buildConfigurations = (
				B77C1B8B2B67B9CA004CA151 /* Debug */,
				B77C1B8C2B67B9CA004CA151 /* Release */,
			);
			defaultConfigurationIsVisible = 0;
			defaultConfigurationName = Release;
		};
		B77C1B8D2B67B9CA004CA151 /* Build configuration list for PBXNativeTarget "PrographyAssignmentUITests" */ = {
			isa = XCConfigurationList;
			buildConfigurations = (
				B77C1B8E2B67B9CA004CA151 /* Debug */,
				B77C1B8F2B67B9CA004CA151 /* Release */,
			);
			defaultConfigurationIsVisible = 0;
			defaultConfigurationName = Release;
		};
/* End XCConfigurationList section */

/* Begin XCRemoteSwiftPackageReference section */
		B77C1B9A2B67D433004CA151 /* XCRemoteSwiftPackageReference "swift-composable-architecture" */ = {
			isa = XCRemoteSwiftPackageReference;
			repositoryURL = "https://github.com/pointfreeco/swift-composable-architecture";
			requirement = {
				kind = upToNextMajorVersion;
				minimumVersion = 1.7.0;
			};
		};
/* End XCRemoteSwiftPackageReference section */

/* Begin XCSwiftPackageProductDependency section */
		B77C1B9B2B67D433004CA151 /* ComposableArchitecture */ = {
			isa = XCSwiftPackageProductDependency;
			package = B77C1B9A2B67D433004CA151 /* XCRemoteSwiftPackageReference "swift-composable-architecture" */;
			productName = ComposableArchitecture;
		};
/* End XCSwiftPackageProductDependency section */
	};
	rootObject = B77C1B5B2B67B9C9004CA151 /* Project object */;
}
